
Microsoft Visual Studio Solution File, Format Version 12.00
# Visual Studio Version 16
VisualStudioVersion = 16.0.29728.190
MinimumVisualStudioVersion = 10.0.40219.1
Project("{9A19103F-16F7-4668-BE54-9A1E7A4F7556}") = "CI_SQL", "CI_SQL\CI_SQL.csproj", "{E4D14BE7-8BE5-48CE-B17E-C69001CB8424}"
EndProject
Project("{FAE04EC0-301F-11D3-BF4B-00C04F79EFBC}") = "CI_MySQL.Test", "CI_MySQL.Test\CI_MySQL.Test.csproj", "{EF566095-97DC-4267-B44B-716D1A078387}"
EndProject
Global
	GlobalSection(SolutionConfigurationPlatforms) = preSolution
		Debug|Any CPU = Debug|Any CPU
		Release|Any CPU = Release|Any CPU
	EndGlobalSection
	GlobalSection(ProjectConfigurationPlatforms) = postSolution
		{E4D14BE7-8BE5-48CE-B17E-C69001CB8424}.Debug|Any CPU.ActiveCfg = Debug|Any CPU
		{E4D14BE7-8BE5-48CE-B17E-C69001CB8424}.Debug|Any CPU.Build.0 = Debug|Any CPU
		{E4D14BE7-8BE5-48CE-B17E-C69001CB8424}.Release|Any CPU.ActiveCfg = Release|Any CPU
		{E4D14BE7-8BE5-48CE-B17E-C69001CB8424}.Release|Any CPU.Build.0 = Release|Any CPU
		{EF566095-97DC-4267-B44B-716D1A078387}.Debug|Any CPU.ActiveCfg = Debug|Any CPU
		{EF566095-97DC-4267-B44B-716D1A078387}.Debug|Any CPU.Build.0 = Debug|Any CPU
		{EF566095-97DC-4267-B44B-716D1A078387}.Release|Any CPU.ActiveCfg = Release|Any CPU
		{EF566095-97DC-4267-B44B-716D1A078387}.Release|Any CPU.Build.0 = Release|Any CPU
	EndGlobalSection
	GlobalSection(SolutionProperties) = preSolution
		HideSolutionNode = FALSE
	EndGlobalSection
	GlobalSection(ExtensibilityGlobals) = postSolution
		SolutionGuid = {208F2683-1F19-4AFF-8D97-637C52E0D829}
	EndGlobalSection
EndGlobal
